// !$*UTF8*$!
{
	archiveVersion = 1;
	classes = {
	};
	objectVersion = 46;
	objects = {

/* Begin PBXBuildFile section */
		2AA1B2541912619500E58460 /* Foundation.framework in Frameworks */ = {isa = PBXBuildFile; fileRef = 2AA1B2531912619500E58460 /* Foundation.framework */; };
		2AA1B2561912619500E58460 /* CoreGraphics.framework in Frameworks */ = {isa = PBXBuildFile; fileRef = 2AA1B2551912619500E58460 /* CoreGraphics.framework */; };
		2AA1B2581912619500E58460 /* UIKit.framework in Frameworks */ = {isa = PBXBuildFile; fileRef = 2AA1B2571912619500E58460 /* UIKit.framework */; };
		2AA1B25E1912619500E58460 /* InfoPlist.strings in Resources */ = {isa = PBXBuildFile; fileRef = 2AA1B25C1912619500E58460 /* InfoPlist.strings */; };
		2AA1B2601912619500E58460 /* main.m in Sources */ = {isa = PBXBuildFile; fileRef = 2AA1B25F1912619500E58460 /* main.m */; };
		2AA1B2641912619500E58460 /* JPMAppDelegate.m in Sources */ = {isa = PBXBuildFile; fileRef = 2AA1B2631912619500E58460 /* JPMAppDelegate.m */; };
		2AA1B2661912619500E58460 /* Images.xcassets in Resources */ = {isa = PBXBuildFile; fileRef = 2AA1B2651912619500E58460 /* Images.xcassets */; };
		2AA1B26D1912619500E58460 /* XCTest.framework in Frameworks */ = {isa = PBXBuildFile; fileRef = 2AA1B26C1912619500E58460 /* XCTest.framework */; };
		2AA1B26E1912619500E58460 /* Foundation.framework in Frameworks */ = {isa = PBXBuildFile; fileRef = 2AA1B2531912619500E58460 /* Foundation.framework */; };
		2AA1B26F1912619500E58460 /* UIKit.framework in Frameworks */ = {isa = PBXBuildFile; fileRef = 2AA1B2571912619500E58460 /* UIKit.framework */; };
		2AA1B2771912619500E58460 /* InfoPlist.strings in Resources */ = {isa = PBXBuildFile; fileRef = 2AA1B2751912619500E58460 /* InfoPlist.strings */; };
		2AA1B2791912619500E58460 /* JPMBoundingCoordinatesTests.m in Sources */ = {isa = PBXBuildFile; fileRef = 2AA1B2781912619500E58460 /* JPMBoundingCoordinatesTests.m */; };
		2AA1B284191262EA00E58460 /* JPMBoundingCoordinates.m in Sources */ = {isa = PBXBuildFile; fileRef = 2AA1B283191262EA00E58460 /* JPMBoundingCoordinates.m */; };
/* End PBXBuildFile section */

/* Begin PBXContainerItemProxy section */
		2AA1B2701912619500E58460 /* PBXContainerItemProxy */ = {
			isa = PBXContainerItemProxy;
			containerPortal = 2AA1B2481912619500E58460 /* Project object */;
			proxyType = 1;
			remoteGlobalIDString = 2AA1B24F1912619500E58460;
			remoteInfo = JPMBoundingCoordinates;
		};
/* End PBXContainerItemProxy section */

/* Begin PBXFileReference section */
		2AA1B2501912619500E58460 /* JPMBoundingCoordinates.app */ = {isa = PBXFileReference; explicitFileType = wrapper.application; includeInIndex = 0; path = JPMBoundingCoordinates.app; sourceTree = BUILT_PRODUCTS_DIR; };
		2AA1B2531912619500E58460 /* Foundation.framework */ = {isa = PBXFileReference; lastKnownFileType = wrapper.framework; name = Foundation.framework; path = System/Library/Frameworks/Foundation.framework; sourceTree = SDKROOT; };
		2AA1B2551912619500E58460 /* CoreGraphics.framework */ = {isa = PBXFileReference; lastKnownFileType = wrapper.framework; name = CoreGraphics.framework; path = System/Library/Frameworks/CoreGraphics.framework; sourceTree = SDKROOT; };
		2AA1B2571912619500E58460 /* UIKit.framework */ = {isa = PBXFileReference; lastKnownFileType = wrapper.framework; name = UIKit.framework; path = System/Library/Frameworks/UIKit.framework; sourceTree = SDKROOT; };
		2AA1B25B1912619500E58460 /* JPMBoundingCoordinates-Info.plist */ = {isa = PBXFileReference; lastKnownFileType = text.plist.xml; path = "JPMBoundingCoordinates-Info.plist"; sourceTree = "<group>"; };
		2AA1B25D1912619500E58460 /* en */ = {isa = PBXFileReference; lastKnownFileType = text.plist.strings; name = en; path = en.lproj/InfoPlist.strings; sourceTree = "<group>"; };
		2AA1B25F1912619500E58460 /* main.m */ = {isa = PBXFileReference; lastKnownFileType = sourcecode.c.objc; path = main.m; sourceTree = "<group>"; };
		2AA1B2611912619500E58460 /* JPMBoundingCoordinates-Prefix.pch */ = {isa = PBXFileReference; lastKnownFileType = sourcecode.c.h; path = "JPMBoundingCoordinates-Prefix.pch"; sourceTree = "<group>"; };
		2AA1B2621912619500E58460 /* JPMAppDelegate.h */ = {isa = PBXFileReference; lastKnownFileType = sourcecode.c.h; path = JPMAppDelegate.h; sourceTree = "<group>"; };
		2AA1B2631912619500E58460 /* JPMAppDelegate.m */ = {isa = PBXFileReference; lastKnownFileType = sourcecode.c.objc; path = JPMAppDelegate.m; sourceTree = "<group>"; };
		2AA1B2651912619500E58460 /* Images.xcassets */ = {isa = PBXFileReference; lastKnownFileType = folder.assetcatalog; path = Images.xcassets; sourceTree = "<group>"; };
		2AA1B26B1912619500E58460 /* JPMBoundingCoordinatesTests.xctest */ = {isa = PBXFileReference; explicitFileType = wrapper.cfbundle; includeInIndex = 0; path = JPMBoundingCoordinatesTests.xctest; sourceTree = BUILT_PRODUCTS_DIR; };
		2AA1B26C1912619500E58460 /* XCTest.framework */ = {isa = PBXFileReference; lastKnownFileType = wrapper.framework; name = XCTest.framework; path = Library/Frameworks/XCTest.framework; sourceTree = DEVELOPER_DIR; };
		2AA1B2741912619500E58460 /* JPMBoundingCoordinatesTests-Info.plist */ = {isa = PBXFileReference; lastKnownFileType = text.plist.xml; path = "JPMBoundingCoordinatesTests-Info.plist"; sourceTree = "<group>"; };
		2AA1B2761912619500E58460 /* en */ = {isa = PBXFileReference; lastKnownFileType = text.plist.strings; name = en; path = en.lproj/InfoPlist.strings; sourceTree = "<group>"; };
		2AA1B2781912619500E58460 /* JPMBoundingCoordinatesTests.m */ = {isa = PBXFileReference; lastKnownFileType = sourcecode.c.objc; path = JPMBoundingCoordinatesTests.m; sourceTree = "<group>"; };
		2AA1B282191262EA00E58460 /* JPMBoundingCoordinates.h */ = {isa = PBXFileReference; fileEncoding = 4; lastKnownFileType = sourcecode.c.h; name = JPMBoundingCoordinates.h; path = JPMBoundingCoordinates/JPMBoundingCoordinates.h; sourceTree = "<group>"; };
		2AA1B283191262EA00E58460 /* JPMBoundingCoordinates.m */ = {isa = PBXFileReference; fileEncoding = 4; lastKnownFileType = sourcecode.c.objc; name = JPMBoundingCoordinates.m; path = JPMBoundingCoordinates/JPMBoundingCoordinates.m; sourceTree = "<group>"; };
/* End PBXFileReference section */

/* Begin PBXFrameworksBuildPhase section */
		2AA1B24D1912619500E58460 /* Frameworks */ = {
			isa = PBXFrameworksBuildPhase;
			buildActionMask = 2147483647;
			files = (
				2AA1B2561912619500E58460 /* CoreGraphics.framework in Frameworks */,
				2AA1B2581912619500E58460 /* UIKit.framework in Frameworks */,
				2AA1B2541912619500E58460 /* Foundation.framework in Frameworks */,
			);
			runOnlyForDeploymentPostprocessing = 0;
		};
		2AA1B2681912619500E58460 /* Frameworks */ = {
			isa = PBXFrameworksBuildPhase;
			buildActionMask = 2147483647;
			files = (
				2AA1B26D1912619500E58460 /* XCTest.framework in Frameworks */,
				2AA1B26F1912619500E58460 /* UIKit.framework in Frameworks */,
				2AA1B26E1912619500E58460 /* Foundation.framework in Frameworks */,
			);
			runOnlyForDeploymentPostprocessing = 0;
		};
/* End PBXFrameworksBuildPhase section */

/* Begin PBXGroup section */
		2AA1B2471912619500E58460 = {
			isa = PBXGroup;
			children = (
				2AA1B2591912619500E58460 /* JPMBoundingCoordinates */,
				2AA1B2721912619500E58460 /* JPMBoundingCoordinatesTests */,
				2AA1B2521912619500E58460 /* Frameworks */,
				2AA1B2511912619500E58460 /* Products */,
			);
			sourceTree = "<group>";
		};
		2AA1B2511912619500E58460 /* Products */ = {
			isa = PBXGroup;
			children = (
				2AA1B2501912619500E58460 /* JPMBoundingCoordinates.app */,
				2AA1B26B1912619500E58460 /* JPMBoundingCoordinatesTests.xctest */,
			);
			name = Products;
			sourceTree = "<group>";
		};
		2AA1B2521912619500E58460 /* Frameworks */ = {
			isa = PBXGroup;
			children = (
				2AA1B2531912619500E58460 /* Foundation.framework */,
				2AA1B2551912619500E58460 /* CoreGraphics.framework */,
				2AA1B2571912619500E58460 /* UIKit.framework */,
				2AA1B26C1912619500E58460 /* XCTest.framework */,
			);
			name = Frameworks;
			sourceTree = "<group>";
		};
		2AA1B2591912619500E58460 /* JPMBoundingCoordinates */ = {
			isa = PBXGroup;
			children = (
				2AA1B285191262F300E58460 /* JPMBoundingCoordinates */,
				2AA1B2621912619500E58460 /* JPMAppDelegate.h */,
				2AA1B2631912619500E58460 /* JPMAppDelegate.m */,
				2AA1B2651912619500E58460 /* Images.xcassets */,
				2AA1B25A1912619500E58460 /* Supporting Files */,
			);
			path = JPMBoundingCoordinates;
			sourceTree = "<group>";
		};
		2AA1B25A1912619500E58460 /* Supporting Files */ = {
			isa = PBXGroup;
			children = (
				2AA1B25B1912619500E58460 /* JPMBoundingCoordinates-Info.plist */,
				2AA1B25C1912619500E58460 /* InfoPlist.strings */,
				2AA1B25F1912619500E58460 /* main.m */,
				2AA1B2611912619500E58460 /* JPMBoundingCoordinates-Prefix.pch */,
			);
			name = "Supporting Files";
			sourceTree = "<group>";
		};
		2AA1B2721912619500E58460 /* JPMBoundingCoordinatesTests */ = {
			isa = PBXGroup;
			children = (
				2AA1B2781912619500E58460 /* JPMBoundingCoordinatesTests.m */,
				2AA1B2731912619500E58460 /* Supporting Files */,
			);
			path = JPMBoundingCoordinatesTests;
			sourceTree = "<group>";
		};
		2AA1B2731912619500E58460 /* Supporting Files */ = {
			isa = PBXGroup;
			children = (
				2AA1B2741912619500E58460 /* JPMBoundingCoordinatesTests-Info.plist */,
				2AA1B2751912619500E58460 /* InfoPlist.strings */,
			);
			name = "Supporting Files";
			sourceTree = "<group>";
		};
		2AA1B285191262F300E58460 /* JPMBoundingCoordinates */ = {
			isa = PBXGroup;
			children = (
				2AA1B282191262EA00E58460 /* JPMBoundingCoordinates.h */,
				2AA1B283191262EA00E58460 /* JPMBoundingCoordinates.m */,
			);
			name = JPMBoundingCoordinates;
			sourceTree = "<group>";
		};
/* End PBXGroup section */

/* Begin PBXNativeTarget section */
		2AA1B24F1912619500E58460 /* JPMBoundingCoordinates */ = {
			isa = PBXNativeTarget;
			buildConfigurationList = 2AA1B27C1912619500E58460 /* Build configuration list for PBXNativeTarget "JPMBoundingCoordinates" */;
			buildPhases = (
				2AA1B24C1912619500E58460 /* Sources */,
				2AA1B24D1912619500E58460 /* Frameworks */,
				2AA1B24E1912619500E58460 /* Resources */,
			);
			buildRules = (
			);
			dependencies = (
			);
			name = JPMBoundingCoordinates;
			productName = JPMBoundingCoordinates;
			productReference = 2AA1B2501912619500E58460 /* JPMBoundingCoordinates.app */;
			productType = "com.apple.product-type.application";
		};
		2AA1B26A1912619500E58460 /* JPMBoundingCoordinatesTests */ = {
			isa = PBXNativeTarget;
			buildConfigurationList = 2AA1B27F1912619500E58460 /* Build configuration list for PBXNativeTarget "JPMBoundingCoordinatesTests" */;
			buildPhases = (
				2AA1B2671912619500E58460 /* Sources */,
				2AA1B2681912619500E58460 /* Frameworks */,
				2AA1B2691912619500E58460 /* Resources */,
			);
			buildRules = (
			);
			dependencies = (
				2AA1B2711912619500E58460 /* PBXTargetDependency */,
			);
			name = JPMBoundingCoordinatesTests;
			productName = JPMBoundingCoordinatesTests;
			productReference = 2AA1B26B1912619500E58460 /* JPMBoundingCoordinatesTests.xctest */;
			productType = "com.apple.product-type.bundle.unit-test";
		};
/* End PBXNativeTarget section */

/* Begin PBXProject section */
		2AA1B2481912619500E58460 /* Project object */ = {
			isa = PBXProject;
			attributes = {
				CLASSPREFIX = JPM;
				LastUpgradeCheck = 0510;
				ORGANIZATIONNAME = "Andrew Podkovyrin";
				TargetAttributes = {
					2AA1B26A1912619500E58460 = {
						TestTargetID = 2AA1B24F1912619500E58460;
					};
				};
			};
			buildConfigurationList = 2AA1B24B1912619500E58460 /* Build configuration list for PBXProject "JPMBoundingCoordinates" */;
			compatibilityVersion = "Xcode 3.2";
			developmentRegion = English;
			hasScannedForEncodings = 0;
			knownRegions = (
				en,
			);
			mainGroup = 2AA1B2471912619500E58460;
			productRefGroup = 2AA1B2511912619500E58460 /* Products */;
			projectDirPath = "";
			projectRoot = "";
			targets = (
				2AA1B24F1912619500E58460 /* JPMBoundingCoordinates */,
				2AA1B26A1912619500E58460 /* JPMBoundingCoordinatesTests */,
			);
		};
/* End PBXProject section */

/* Begin PBXResourcesBuildPhase section */
		2AA1B24E1912619500E58460 /* Resources */ = {
			isa = PBXResourcesBuildPhase;
			buildActionMask = 2147483647;
			files = (
				2AA1B25E1912619500E58460 /* InfoPlist.strings in Resources */,
				2AA1B2661912619500E58460 /* Images.xcassets in Resources */,
			);
			runOnlyForDeploymentPostprocessing = 0;
		};
		2AA1B2691912619500E58460 /* Resources */ = {
			isa = PBXResourcesBuildPhase;
			buildActionMask = 2147483647;
			files = (
				2AA1B2771912619500E58460 /* InfoPlist.strings in Resources */,
			);
			runOnlyForDeploymentPostprocessing = 0;
		};
/* End PBXResourcesBuildPhase section */

/* Begin PBXSourcesBuildPhase section */
		2AA1B24C1912619500E58460 /* Sources */ = {
			isa = PBXSourcesBuildPhase;
			buildActionMask = 2147483647;
			files = (
				2AA1B284191262EA00E58460 /* JPMBoundingCoordinates.m in Sources */,
				2AA1B2641912619500E58460 /* JPMAppDelegate.m in Sources */,
				2AA1B2601912619500E58460 /* main.m in Sources */,
			);
			runOnlyForDeploymentPostprocessing = 0;
		};
		2AA1B2671912619500E58460 /* Sources */ = {
			isa = PBXSourcesBuildPhase;
			buildActionMask = 2147483647;
			files = (
				2AA1B2791912619500E58460 /* JPMBoundingCoordinatesTests.m in Sources */,
			);
			runOnlyForDeploymentPostprocessing = 0;
		};
/* End PBXSourcesBuildPhase section */

/* Begin PBXTargetDependency section */
		2AA1B2711912619500E58460 /* PBXTargetDependency */ = {
			isa = PBXTargetDependency;
			target = 2AA1B24F1912619500E58460 /* JPMBoundingCoordinates */;
			targetProxy = 2AA1B2701912619500E58460 /* PBXContainerItemProxy */;
		};
/* End PBXTargetDependency section */

/* Begin PBXVariantGroup section */
		2AA1B25C1912619500E58460 /* InfoPlist.strings */ = {
			isa = PBXVariantGroup;
			children = (
				2AA1B25D1912619500E58460 /* en */,
			);
			name = InfoPlist.strings;
			sourceTree = "<group>";
		};
		2AA1B2751912619500E58460 /* InfoPlist.strings */ = {
			isa = PBXVariantGroup;
			children = (
				2AA1B2761912619500E58460 /* en */,
			);
			name = InfoPlist.strings;
			sourceTree = "<group>";
		};
/* End PBXVariantGroup section */

/* Begin XCBuildConfiguration section */
		2AA1B27A1912619500E58460 /* Debug */ = {
			isa = XCBuildConfiguration;
			buildSettings = {
				ALWAYS_SEARCH_USER_PATHS = NO;
				CLANG_CXX_LANGUAGE_STANDARD = "gnu++0x";
				CLANG_CXX_LIBRARY = "libc++";
				CLANG_ENABLE_MODULES = YES;
				CLANG_ENABLE_OBJC_ARC = YES;
				CLANG_WARN_BOOL_CONVERSION = YES;
				CLANG_WARN_CONSTANT_CONVERSION = YES;
				CLANG_WARN_DIRECT_OBJC_ISA_USAGE = YES_ERROR;
				CLANG_WARN_EMPTY_BODY = YES;
				CLANG_WARN_ENUM_CONVERSION = YES;
				CLANG_WARN_INT_CONVERSION = YES;
				CLANG_WARN_OBJC_ROOT_CLASS = YES_ERROR;
				CLANG_WARN__DUPLICATE_METHOD_MATCH = YES;
				"CODE_SIGN_IDENTITY[sdk=iphoneos*]" = "iPhone Developer";
				COPY_PHASE_STRIP = NO;
				GCC_C_LANGUAGE_STANDARD = gnu99;
				GCC_DYNAMIC_NO_PIC = NO;
				GCC_OPTIMIZATION_LEVEL = 0;
				GCC_PREPROCESSOR_DEFINITIONS = (
					"DEBUG=1",
					"$(inherited)",
				);
				GCC_SYMBOLS_PRIVATE_EXTERN = NO;
				GCC_WARN_64_TO_32_BIT_CONVERSION = YES;
				GCC_WARN_ABOUT_RETURN_TYPE = YES_ERROR;
				GCC_WARN_UNDECLARED_SELECTOR = YES;
				GCC_WARN_UNINITIALIZED_AUTOS = YES_AGGRESSIVE;
				GCC_WARN_UNUSED_FUNCTION = YES;
				GCC_WARN_UNUSED_VARIABLE = YES;
				IPHONEOS_DEPLOYMENT_TARGET = 4.3;
				ONLY_ACTIVE_ARCH = YES;
				SDKROOT = iphoneos;
			};
			name = Debug;
		};
		2AA1B27B1912619500E58460 /* Release */ = {
			isa = XCBuildConfiguration;
			buildSettings = {
				ALWAYS_SEARCH_USER_PATHS = NO;
				CLANG_CXX_LANGUAGE_STANDARD = "gnu++0x";
				CLANG_CXX_LIBRARY = "libc++";
				CLANG_ENABLE_MODULES = YES;
				CLANG_ENABLE_OBJC_ARC = YES;
				CLANG_WARN_BOOL_CONVERSION = YES;
				CLANG_WARN_CONSTANT_CONVERSION = YES;
				CLANG_WARN_DIRECT_OBJC_ISA_USAGE = YES_ERROR;
				CLANG_WARN_EMPTY_BODY = YES;
				CLANG_WARN_ENUM_CONVERSION = YES;
				CLANG_WARN_INT_CONVERSION = YES;
				CLANG_WARN_OBJC_ROOT_CLASS = YES_ERROR;
				CLANG_WARN__DUPLICATE_METHOD_MATCH = YES;
				"CODE_SIGN_IDENTITY[sdk=iphoneos*]" = "iPhone Developer";
				COPY_PHASE_STRIP = YES;
				ENABLE_NS_ASSERTIONS = NO;
				GCC_C_LANGUAGE_STANDARD = gnu99;
				GCC_WARN_64_TO_32_BIT_CONVERSION = YES;
				GCC_WARN_ABOUT_RETURN_TYPE = YES_ERROR;
				GCC_WARN_UNDECLARED_SELECTOR = YES;
				GCC_WARN_UNINITIALIZED_AUTOS = YES_AGGRESSIVE;
				GCC_WARN_UNUSED_FUNCTION = YES;
				GCC_WARN_UNUSED_VARIABLE = YES;
				IPHONEOS_DEPLOYMENT_TARGET = 4.3;
				SDKROOT = iphoneos;
				VALIDATE_PRODUCT = YES;
			};
			name = Release;
		};
		2AA1B27D1912619500E58460 /* Debug */ = {
			isa = XCBuildConfiguration;
			buildSettings = {
				ASSETCATALOG_COMPILER_APPICON_NAME = AppIcon;
				ASSETCATALOG_COMPILER_LAUNCHIMAGE_NAME = LaunchImage;
				GCC_PRECOMPILE_PREFIX_HEADER = YES;
				GCC_PREFIX_HEADER = "JPMBoundingCoordinates/JPMBoundingCoordinates-Prefix.pch";
				INFOPLIST_FILE = "JPMBoundingCoordinates/JPMBoundingCoordinates-Info.plist";
				PRODUCT_NAME = "$(TARGET_NAME)";
				WRAPPER_EXTENSION = app;
			};
			name = Debug;
		};
		2AA1B27E1912619500E58460 /* Release */ = {
			isa = XCBuildConfiguration;
			buildSettings = {
				ASSETCATALOG_COMPILER_APPICON_NAME = AppIcon;
				ASSETCATALOG_COMPILER_LAUNCHIMAGE_NAME = LaunchImage;
				GCC_PRECOMPILE_PREFIX_HEADER = YES;
				GCC_PREFIX_HEADER = "JPMBoundingCoordinates/JPMBoundingCoordinates-Prefix.pch";
				INFOPLIST_FILE = "JPMBoundingCoordinates/JPMBoundingCoordinates-Info.plist";
				PRODUCT_NAME = "$(TARGET_NAME)";
				WRAPPER_EXTENSION = app;
			};
			name = Release;
		};
		2AA1B2801912619500E58460 /* Debug */ = {
			isa = XCBuildConfiguration;
			buildSettings = {
				BUNDLE_LOADER = "$(BUILT_PRODUCTS_DIR)/JPMBoundingCoordinates.app/JPMBoundingCoordinates";
				FRAMEWORK_SEARCH_PATHS = (
					"$(SDKROOT)/Developer/Library/Frameworks",
					"$(inherited)",
					"$(DEVELOPER_FRAMEWORKS_DIR)",
				);
				GCC_PRECOMPILE_PREFIX_HEADER = YES;
				GCC_PREFIX_HEADER = "JPMBoundingCoordinates/JPMBoundingCoordinates-Prefix.pch";
				GCC_PREPROCESSOR_DEFINITIONS = (
					"DEBUG=1",
					"$(inherited)",
				);
				INFOPLIST_FILE = "JPMBoundingCoordinatesTests/JPMBoundingCoordinatesTests-Info.plist";
				PRODUCT_NAME = "$(TARGET_NAME)";
				TEST_HOST = "$(BUNDLE_LOADER)";
				WRAPPER_EXTENSION = xctest;
			};
			name = Debug;
		};
		2AA1B2811912619500E58460 /* Release */ = {
			isa = XCBuildConfiguration;
			buildSettings = {
				BUNDLE_LOADER = "$(BUILT_PRODUCTS_DIR)/JPMBoundingCoordinates.app/JPMBoundingCoordinates";
				FRAMEWORK_SEARCH_PATHS = (
					"$(SDKROOT)/Developer/Library/Frameworks",
					"$(inherited)",
					"$(DEVELOPER_FRAMEWORKS_DIR)",
				);
				GCC_PRECOMPILE_PREFIX_HEADER = YES;
				GCC_PREFIX_HEADER = "JPMBoundingCoordinates/JPMBoundingCoordinates-Prefix.pch";
				INFOPLIST_FILE = "JPMBoundingCoordinatesTests/JPMBoundingCoordinatesTests-Info.plist";
				PRODUCT_NAME = "$(TARGET_NAME)";
				TEST_HOST = "$(BUNDLE_LOADER)";
				WRAPPER_EXTENSION = xctest;
			};
			name = Release;
		};
/* End XCBuildConfiguration section */

/* Begin XCConfigurationList section */
		2AA1B24B1912619500E58460 /* Build configuration list for PBXProject "JPMBoundingCoordinates" */ = {
			isa = XCConfigurationList;
			buildConfigurations = (
				2AA1B27A1912619500E58460 /* Debug */,
				2AA1B27B1912619500E58460 /* Release */,
			);
			defaultConfigurationIsVisible = 0;
			defaultConfigurationName = Release;
		};
		2AA1B27C1912619500E58460 /* Build configuration list for PBXNativeTarget "JPMBoundingCoordinates" */ = {
			isa = XCConfigurationList;
			buildConfigurations = (
				2AA1B27D1912619500E58460 /* Debug */,
				2AA1B27E1912619500E58460 /* Release */,
			);
			defaultConfigurationIsVisible = 0;
		};
		2AA1B27F1912619500E58460 /* Build configuration list for PBXNativeTarget "JPMBoundingCoordinatesTests" */ = {
			isa = XCConfigurationList;
			buildConfigurations = (
				2AA1B2801912619500E58460 /* Debug */,
				2AA1B2811912619500E58460 /* Release */,
			);
			defaultConfigurationIsVisible = 0;
		};
/* End XCConfigurationList section */
	};
	rootObject = 2AA1B2481912619500E58460 /* Project object */;
}
